
Microsoft Visual Studio Solution File, Format Version 12.00
# Visual Studio Version 17
VisualStudioVersion = 17.6.33723.286
MinimumVisualStudioVersion = 10.0.40219.1
Project("{F184B08F-C81C-45F6-A57F-5ABD9991F28F}") = "VB_calcu", "VB_calcu\VB_calcu.vbproj", "{3598CB0D-F526-4CA0-9469-14F59CDE337F}"
EndProject
Global
	GlobalSection(SolutionConfigurationPlatforms) = preSolution
		Debug|Any CPU = Debug|Any CPU
		Release|Any CPU = Release|Any CPU
	EndGlobalSection
	GlobalSection(ProjectConfigurationPlatforms) = postSolution
		{3598CB0D-F526-4CA0-9469-14F59CDE337F}.Debug|Any CPU.ActiveCfg = Debug|Any CPU
		{3598CB0D-F526-4CA0-9469-14F59CDE337F}.Debug|Any CPU.Build.0 = Debug|Any CPU
		{3598CB0D-F526-4CA0-9469-14F59CDE337F}.Release|Any CPU.ActiveCfg = Release|Any CPU
		{3598CB0D-F526-4CA0-9469-14F59CDE337F}.Release|Any CPU.Build.0 = Release|Any CPU
	EndGlobalSection
	GlobalSection(SolutionProperties) = preSolution
		HideSolutionNode = FALSE
	EndGlobalSection
	GlobalSection(ExtensibilityGlobals) = postSolution
		SolutionGuid = {186A14A2-77DF-4C28-B48F-7D1EA39E9E1A}
	EndGlobalSection
EndGlobal
